# This file was autogenerated by uv via the following command:
#    uv export --frozen --all-extras --no-hashes --no-emit-project --output-file requirements-dev.lock
akracer==0.0.14 ; sys_platform == 'linux'
    # via akshare
akshare==1.18.96
    # via ht-cn
annotated-doc==0.0.5
    # via fastapi
annotated-types==0.8.0
    # via pydantic
anyio==4.15.1
    # via
    #   httpx
    #   starlette
    #   watchfiles
baostock==0.9.3
    # via ht-cn
beautifulsoup4==4.15.0
    # via akshare
certifi==2026.7.22
    # via
    #   curl-cffi
    #   httpcore
    #   httpx
    #   requests
cffi==2.1.1
    # via curl-cffi
charset-normalizer==3.5.1
    # via requests
click==8.5.0
    # via uvicorn
colorama==0.4.6 ; sys_platform == 'win32'
    # via
    #   pytest
    #   tqdm
curl-cffi==0.16.3
    # via akshare
decorator==5.3.1
    # via akshare
duckdb==1.5.5
    # via ht-cn
et-xmlfile==2.0.0
    # via openpyxl
fastapi==0.141.1
    # via ht-cn
h11==0.16.0
    # via
    #   httpcore
    #   uvicorn
html5lib==1.1
    # via akshare
httpcore==1.0.9
    # via httpx
httptools==0.8.0
    # via uvicorn
httpx==0.28.1
    # via ht-cn
idna==3.20
    # via
    #   anyio
    #   httpx
    #   requests
iniconfig==2.3.0
    # via pytest
jsonpath==0.82.2
    # via akshare
lxml==6.1.3
    # via akshare
mini-racer==0.14.1 ; sys_platform != 'linux'
    # via akshare
numpy==2.5.3
    # via pandas
openpyxl==3.1.5
    # via akshare
packaging==26.3
    # via pytest
pandas==2.3.3
    # via
    #   akshare
    #   baostock
    #   ht-cn
pluggy==1.6.0
    # via pytest
py-mini-racer==0.6.0 ; sys_platform == 'linux'
    # via akshare
pyarrow==21.0.0
    # via ht-cn
pycparser==3.0 ; implementation_name != 'PyPy'
    # via cffi
pydantic==2.13.5
    # via
    #   fastapi
    #   ht-cn
pydantic-core==2.46.5
    # via pydantic
pygments==2.21.0
    # via pytest
pytest==8.4.2
    # via ht-cn
python-dateutil==2.9.0.post0
    # via pandas
python-dotenv==1.2.3
    # via uvicorn
pytz==2026.3.post1
    # via pandas
pyyaml==6.0.3
    # via uvicorn
requests==2.34.2
    # via akshare
ruff==0.16.8
    # via ht-cn
six==1.17.0
    # via
    #   html5lib
    #   python-dateutil
soupsieve==2.9.2
    # via beautifulsoup4
starlette==1.6.0
    # via fastapi
tabulate==0.10.0
    # via akshare
tqdm==4.70.1
    # via akshare
typing-extensions==4.16.0
    # via
    #   anyio
    #   beautifulsoup4
    #   fastapi
    #   pydantic
    #   pydantic-core
    #   typing-inspection
typing-inspection==0.4.4
    # via
    #   fastapi
    #   pydantic
tzdata==2026.4
    # via pandas
urllib3==2.8.0
    # via
    #   akshare
    #   requests
uvicorn==0.53.0
    # via ht-cn
uvloop==0.22.1 ; platform_python_implementation != 'PyPy' and sys_platform != 'cygwin' and sys_platform != 'win32'
    # via uvicorn
watchfiles==1.2.0
    # via uvicorn
webencodings==0.6.1
    # via html5lib
websockets==17.1
    # via uvicorn
xlrd==2.0.2
    # via akshare
